
Microsoft Visual Studio Solution File, Format Version 12.00
# Visual Studio Version 16
VisualStudioVersion = 16.0.31702.278
MinimumVisualStudioVersion = 10.0.40219.1
Project("{9A19103F-16F7-4668-BE54-9A1E7A4F7556}") = "StylingComponentBlazorWasm", "StylingComponentBlazorWasm\StylingComponentBlazorWasm.csproj", "{223397DE-6428-462B-BAF6-07A6AE9FD865}"
EndProject
Global
	GlobalSection(SolutionConfigurationPlatforms) = preSolution
		Debug|Any CPU = Debug|Any CPU
		Release|Any CPU = Release|Any CPU
	EndGlobalSection
	GlobalSection(ProjectConfigurationPlatforms) = postSolution
		{223397DE-6428-462B-BAF6-07A6AE9FD865}.Debug|Any CPU.ActiveCfg = Debug|Any CPU
		{223397DE-6428-462B-BAF6-07A6AE9FD865}.Debug|Any CPU.Build.0 = Debug|Any CPU
		{223397DE-6428-462B-BAF6-07A6AE9FD865}.Release|Any CPU.ActiveCfg = Release|Any CPU
		{223397DE-6428-462B-BAF6-07A6AE9FD865}.Release|Any CPU.Build.0 = Release|Any CPU
	EndGlobalSection
	GlobalSection(SolutionProperties) = preSolution
		HideSolutionNode = FALSE
	EndGlobalSection
	GlobalSection(ExtensibilityGlobals) = postSolution
		SolutionGuid = {421B78E4-0DEC-4866-9590-05B56780283B}
	EndGlobalSection
EndGlobal
